
Microsoft Visual Studio Solution File, Format Version 12.00
# Visual Studio Version 17
VisualStudioVersion = 17.6.33829.357
MinimumVisualStudioVersion = 10.0.40219.1
Project("{9A19103F-16F7-4668-BE54-9A1E7A4F7556}") = "BulkyWeb1", "BulkyWeb1\BulkyWeb1.csproj", "{D7E8B985-5CDE-499C-AFFF-A1A70E2D66B8}"
EndProject
Project("{FAE04EC0-301F-11D3-BF4B-00C04F79EFBC}") = "BulkyWebRazor_Temp", "BulkyWebRazor_Temp\BulkyWebRazor_Temp.csproj", "{44B0B047-CCE6-4C61-A28B-EA00E13AEBD8}"
EndProject
Global
	GlobalSection(SolutionConfigurationPlatforms) = preSolution
		Debug|Any CPU = Debug|Any CPU
		Release|Any CPU = Release|Any CPU
	EndGlobalSection
	GlobalSection(ProjectConfigurationPlatforms) = postSolution
		{D7E8B985-5CDE-499C-AFFF-A1A70E2D66B8}.Debug|Any CPU.ActiveCfg = Debug|Any CPU
		{D7E8B985-5CDE-499C-AFFF-A1A70E2D66B8}.Debug|Any CPU.Build.0 = Debug|Any CPU
		{D7E8B985-5CDE-499C-AFFF-A1A70E2D66B8}.Release|Any CPU.ActiveCfg = Release|Any CPU
		{D7E8B985-5CDE-499C-AFFF-A1A70E2D66B8}.Release|Any CPU.Build.0 = Release|Any CPU
		{44B0B047-CCE6-4C61-A28B-EA00E13AEBD8}.Debug|Any CPU.ActiveCfg = Debug|Any CPU
		{44B0B047-CCE6-4C61-A28B-EA00E13AEBD8}.Debug|Any CPU.Build.0 = Debug|Any CPU
		{44B0B047-CCE6-4C61-A28B-EA00E13AEBD8}.Release|Any CPU.ActiveCfg = Release|Any CPU
		{44B0B047-CCE6-4C61-A28B-EA00E13AEBD8}.Release|Any CPU.Build.0 = Release|Any CPU
	EndGlobalSection
	GlobalSection(SolutionProperties) = preSolution
		HideSolutionNode = FALSE
	EndGlobalSection
	GlobalSection(ExtensibilityGlobals) = postSolution
		SolutionGuid = {114E1716-DCAA-4F0B-AEAD-ABCDB9101D52}
	EndGlobalSection
EndGlobal
